version = 1
revision = 3
requires-python = "==3.13.*"

[[package]]
name = "acme"
version = "5.6.0"
source = { registry = "https://pypi.org/simple" }
dependencies = [
    { name = "cryptography" },
    { name = "josepy" },
    { name = "pyopenssl" },
    { name = "pyrfc3339" },
    { name = "requests" },
]
sdist = { url = "https://files.pythonhosted.org/packages/e5/5e/df38c186bcb5c2fc4827fa373a5c93a55cc0d82842af670e23c1e61c7867/acme-5.6.0.tar.gz", hash = "sha256:23f706ef1c437fc743b2f90704b97f263a56d83198b3af1c25c7dd42c4b463e4", size = 90686, upload-time = "2026-05-11T17:06:21.104Z" }
wheels = [
    { url = "https://files.pythonhosted.org/packages/ba/47/5eb27f6f065170380bd4bd782177a2f1f67e721d6b3fa7de18c492f52917/acme-5.6.0-py3-none-any.whl", hash = "sha256:fbf7ee8880485f2339942a2eff9a87deb79b74a8dcac4a572c08e7e640f046cd", size = 95023, upload-time = "2026-05-11T17:06:01.31Z" },
]

[[package]]
name = "annotated-types"
version = "0.7.0"
source = { registry = "https://pypi.org/simple" }
sdist = { url = "https://files.pythonhosted.org/packages/ee/67/531ea369ba64dcff5ec9c3402f9f51bf748cec26dde048a2f973a4eea7f5/annotated_types-0.7.0.tar.gz", hash = "sha256:aff07c09a53a08bc8cfccb9c85b05f1aa9a2a6f23728d790723543408344ce89", size = 16081, upload-time = "2024-05-20T21:33:25.928Z" }
wheels = [
    { url = "https://files.pythonhosted.org/packages/78/b6/6307fbef88d9b5ee7421e68d78a9f162e0da4900bc5f5793f6d3d0e34fb8/annotated_types-0.7.0-py3-none-any.whl", hash = "sha256:1f02e8b43a8fbbc3f3e0d4f0f4bfc8131bcb4eebe8849b8e5c773f3a1c582a53", size = 13643, upload-time = "2024-05-20T21:33:24.1Z" },
]

[[package]]
name = "anyio"
version = "4.13.0"
source = { registry = "https://pypi.org/simple" }
dependencies = [
    { name = "idna" },
]
sdist = { url = "https://files.pythonhosted.org/packages/19/14/2c5dd9f512b66549ae92767a9c7b330ae88e1932ca57876909410251fe13/anyio-4.13.0.tar.gz", hash = "sha256:334b70e641fd2221c1505b3890c69882fe4a2df910cba14d97019b90b24439dc", size = 231622, upload-time = "2026-03-24T12:59:09.671Z" }
wheels = [
    { url = "https://files.pythonhosted.org/packages/da/42/e921fccf5015463e32a3cf6ee7f980a6ed0f395ceeaa45060b61d86486c2/anyio-4.13.0-py3-none-any.whl", hash = "sha256:08b310f9e24a9594186fd75b4f73f4a4152069e3853f1ed8bfbf58369f4ad708", size = 114353, upload-time = "2026-03-24T12:59:08.246Z" },
]

[[package]]
name = "attu-wiki-scripts"
version = "0"
source = { virtual = "." }
dependencies = [
    { name = "certbot" },
    { name = "certbot-dns-cloudflare" },
    { name = "cysystemd" },
    { name = "mwparserfromhell" },
    { name = "pydantic" },
    { name = "requests" },
]

[package.metadata]
requires-dist = [
    { name = "certbot" },
    { name = "certbot-dns-cloudflare" },
    { name = "cysystemd" },
    { name = "mwparserfromhell" },
    { name = "pydantic" },
    { name = "requests" },
]

[[package]]
name = "certbot"
version = "5.6.0"
source = { registry = "https://pypi.org/simple" }
dependencies = [
    { name = "acme" },
    { name = "configargparse" },
    { name = "configobj" },
    { name = "cryptography" },
    { name = "distro" },
    { name = "josepy" },
    { name = "parsedatetime" },
    { name = "pyrfc3339" },
    { name = "pywin32", marker = "sys_platform == 'win32'" },
]
sdist = { url = "https://files.pythonhosted.org/packages/4b/c0/838942a6c5fb07e42fdf48a5cc306214fd118c98dae673f1fb0b2d1f88ef/certbot-5.6.0.tar.gz", hash = "sha256:89052854e28cd2fcac72a8857aad6dfc6b02ba992f4b8f255062fe29c8aed3ee", size = 704257, upload-time = "2026-05-11T17:06:34.168Z" }
wheels = [
    { url = "https://files.pythonhosted.org/packages/50/41/a951ebc2559dee911cd61722e869764eb69ff251857592c041c1cff29ad0/certbot-5.6.0-py3-none-any.whl", hash = "sha256:81ea876500ba60022a98a3e92fe4230088c7792b9d375357bb23c58741d2b0da", size = 780207, upload-time = "2026-05-11T17:06:19.52Z" },
]

[[package]]
name = "certbot-dns-cloudflare"
version = "5.6.0"
source = { registry = "https://pypi.org/simple" }
dependencies = [
    { name = "acme" },
    { name = "certbot" },
    { name = "cloudflare" },
]
sdist = { url = "https://files.pythonhosted.org/packages/7b/bf/f030d3f509f259e5fe723ec9c6f99d32ebeb967c316a1fc4a44ed52c65fb/certbot_dns_cloudflare-5.6.0.tar.gz", hash = "sha256:84021fa3f8acddf20f059ff0d9a2134722348401f12a0cbd29055f2c322d4d89", size = 17149, upload-time = "2026-05-11T17:06:23.087Z" }
wheels = [
    { url = "https://files.pythonhosted.org/packages/8e/69/7bd2861ea99b1193da2ac80f69d17e409b217dea6a9dbfb66317f8f794b4/certbot_dns_cloudflare-5.6.0-py3-none-any.whl", hash = "sha256:6b8a586286a8c30e29471c4d737987c4fd5b3f41dd416c7954451e5572b2b5ab", size = 15157, upload-time = "2026-05-11T17:06:03.671Z" },
]

[[package]]
name = "certifi"
version = "2026.5.20"
source = { registry = "https://pypi.org/simple" }
sdist = { url = "https://files.pythonhosted.org/packages/f3/ce/ee2ecad540810a79593028e88299baeae54d346cc7a0d94b6199988b89b1/certifi-2026.5.20.tar.gz", hash = "sha256:69dea482ab64caa7b9f6aba1c6bf48bb6a5448d1c0f1b17ab42ad8c763a5344d", size = 135422, upload-time = "2026-05-20T11:46:50.073Z" }
wheels = [
    { url = "https://files.pythonhosted.org/packages/59/8c/57e832b7af6d7c5abe66eb3fbe3a3a32f4d11ea23a1aa7131371035be991/certifi-2026.5.20-py3-none-any.whl", hash = "sha256:3c52e209ba0a4ad7aebe60436a4ab349c39e1e602e8c134221e546902ad25897", size = 134134, upload-time = "2026-05-20T11:46:48.578Z" },
]

[[package]]
name = "cffi"
version = "2.0.0"
source = { registry = "https://pypi.org/simple" }
dependencies = [
    { name = "pycparser", marker = "implementation_name != 'PyPy'" },
]
sdist = { url = "https://files.pythonhosted.org/packages/eb/56/b1ba7935a17738ae8453301356628e8147c79dbb825bcbc73dc7401f9846/cffi-2.0.0.tar.gz", hash = "sha256:44d1b5909021139fe36001ae048dbdde8214afa20200eda0f64c068cac5d5529", size = 523588, upload-time = "2025-09-08T23:24:04.541Z" }
wheels = [
    { url = "https://files.pythonhosted.org/packages/4b/8d/a0a47a0c9e413a658623d014e91e74a50cdd2c423f7ccfd44086ef767f90/cffi-2.0.0-cp313-cp313-macosx_10_13_x86_64.whl", hash = "sha256:00bdf7acc5f795150faa6957054fbbca2439db2f775ce831222b66f192f03beb", size = 185230, upload-time = "2025-09-08T23:23:00.879Z" },
    { url = "https://files.pythonhosted.org/packages/4a/d2/a6c0296814556c68ee32009d9c2ad4f85f2707cdecfd7727951ec228005d/cffi-2.0.0-cp313-cp313-macosx_11_0_arm64.whl", hash = "sha256:45d5e886156860dc35862657e1494b9bae8dfa63bf56796f2fb56e1679fc0bca", size = 181043, upload-time = "2025-09-08T23:23:02.231Z" },
    { url = "https://files.pythonhosted.org/packages/b0/1e/d22cc63332bd59b06481ceaac49d6c507598642e2230f201649058a7e704/cffi-2.0.0-cp313-cp313-manylinux1_i686.manylinux2014_i686.manylinux_2_17_i686.manylinux_2_5_i686.whl", hash = "sha256:07b271772c100085dd28b74fa0cd81c8fb1a3ba18b21e03d7c27f3436a10606b", size = 212446, upload-time = "2025-09-08T23:23:03.472Z" },
    { url = "https://files.pythonhosted.org/packages/a9/f5/a2c23eb03b61a0b8747f211eb716446c826ad66818ddc7810cc2cc19b3f2/cffi-2.0.0-cp313-cp313-manylinux2014_aarch64.manylinux_2_17_aarch64.whl", hash = "sha256:d48a880098c96020b02d5a1f7d9251308510ce8858940e6fa99ece33f610838b", size = 220101, upload-time = "2025-09-08T23:23:04.792Z" },
    { url = "https://files.pythonhosted.org/packages/f2/7f/e6647792fc5850d634695bc0e6ab4111ae88e89981d35ac269956605feba/cffi-2.0.0-cp313-cp313-manylinux2014_ppc64le.manylinux_2_17_ppc64le.whl", hash = "sha256:f93fd8e5c8c0a4aa1f424d6173f14a892044054871c771f8566e4008eaa359d2", size = 207948, upload-time = "2025-09-08T23:23:06.127Z" },
    { url = "https://files.pythonhosted.org/packages/cb/1e/a5a1bd6f1fb30f22573f76533de12a00bf274abcdc55c8edab639078abb6/cffi-2.0.0-cp313-cp313-manylinux2014_s390x.manylinux_2_17_s390x.whl", hash = "sha256:dd4f05f54a52fb558f1ba9f528228066954fee3ebe629fc1660d874d040ae5a3", size = 206422, upload-time = "2025-09-08T23:23:07.753Z" },
    { url = "https://files.pythonhosted.org/packages/98/df/0a1755e750013a2081e863e7cd37e0cdd02664372c754e5560099eb7aa44/cffi-2.0.0-cp313-cp313-manylinux2014_x86_64.manylinux_2_17_x86_64.whl", hash = "sha256:c8d3b5532fc71b7a77c09192b4a5a200ea992702734a2e9279a37f2478236f26", size = 219499, upload-time = "2025-09-08T23:23:09.648Z" },
    { url = "https://files.pythonhosted.org/packages/50/e1/a969e687fcf9ea58e6e2a928ad5e2dd88cc12f6f0ab477e9971f2309b57c/cffi-2.0.0-cp313-cp313-musllinux_1_2_aarch64.whl", hash = "sha256:d9b29c1f0ae438d5ee9acb31cadee00a58c46cc9c0b2f9038c6b0b3470877a8c", size = 222928, upload-time = "2025-09-08T23:23:10.928Z" },
    { url = "https://files.pythonhosted.org/packages/36/54/0362578dd2c9e557a28ac77698ed67323ed5b9775ca9d3fe73fe191bb5d8/cffi-2.0.0-cp313-cp313-musllinux_1_2_x86_64.whl", hash = "sha256:6d50360be4546678fc1b79ffe7a66265e28667840010348dd69a314145807a1b", size = 221302, upload-time = "2025-09-08T23:23:12.42Z" },
    { url = "https://files.pythonhosted.org/packages/eb/6d/bf9bda840d5f1dfdbf0feca87fbdb64a918a69bca42cfa0ba7b137c48cb8/cffi-2.0.0-cp313-cp313-win32.whl", hash = "sha256:74a03b9698e198d47562765773b4a8309919089150a0bb17d829ad7b44b60d27", size = 172909, upload-time = "2025-09-08T23:23:14.32Z" },
    { url = "https://files.pythonhosted.org/packages/37/18/6519e1ee6f5a1e579e04b9ddb6f1676c17368a7aba48299c3759bbc3c8b3/cffi-2.0.0-cp313-cp313-win_amd64.whl", hash = "sha256:19f705ada2530c1167abacb171925dd886168931e0a7b78f5bffcae5c6b5be75", size = 183402, upload-time = "2025-09-08T23:23:15.535Z" },
    { url = "https://files.pythonhosted.org/packages/cb/0e/02ceeec9a7d6ee63bb596121c2c8e9b3a9e150936f4fbef6ca1943e6137c/cffi-2.0.0-cp313-cp313-win_arm64.whl", hash = "sha256:256f80b80ca3853f90c21b23ee78cd008713787b1b1e93eae9f3d6a7134abd91", size = 177780, upload-time = "2025-09-08T23:23:16.761Z" },
]

[[package]]
name = "charset-normalizer"
version = "3.4.7"
source = { registry = "https://pypi.org/simple" }
sdist = { url = "https://files.pythonhosted.org/packages/e7/a1/67fe25fac3c7642725500a3f6cfe5821ad557c3abb11c9d20d12c7008d3e/charset_normalizer-3.4.7.tar.gz", hash = "sha256:ae89db9e5f98a11a4bf50407d4363e7b09b31e55bc117b4f7d80aab97ba009e5", size = 144271, upload-time = "2026-04-02T09:28:39.342Z" }
wheels = [
    { url = "https://files.pythonhosted.org/packages/c1/3b/66777e39d3ae1ddc77ee606be4ec6d8cbd4c801f65e5a1b6f2b11b8346dd/charset_normalizer-3.4.7-cp313-cp313-macosx_10_13_universal2.whl", hash = "sha256:f496c9c3cc02230093d8330875c4c3cdfc3b73612a5fd921c65d39cbcef08063", size = 309627, upload-time = "2026-04-02T09:26:45.198Z" },
    { url = "https://files.pythonhosted.org/packages/2e/4e/b7f84e617b4854ade48a1b7915c8ccfadeba444d2a18c291f696e37f0d3b/charset_normalizer-3.4.7-cp313-cp313-manylinux2014_aarch64.manylinux_2_17_aarch64.manylinux_2_28_aarch64.whl", hash = "sha256:0ea948db76d31190bf08bd371623927ee1339d5f2a0b4b1b4a4439a65298703c", size = 207008, upload-time = "2026-04-02T09:26:46.824Z" },
    { url = "https://files.pythonhosted.org/packages/c4/bb/ec73c0257c9e11b268f018f068f5d00aa0ef8c8b09f7753ebd5f2880e248/charset_normalizer-3.4.7-cp313-cp313-manylinux2014_ppc64le.manylinux_2_17_ppc64le.manylinux_2_28_ppc64le.whl", hash = "sha256:a277ab8928b9f299723bc1a2dabb1265911b1a76341f90a510368ca44ad9ab66", size = 228303, upload-time = "2026-04-02T09:26:48.397Z" },
    { url = "https://files.pythonhosted.org/packages/85/fb/32d1f5033484494619f701e719429c69b766bfc4dbc61aa9e9c8c166528b/charset_normalizer-3.4.7-cp313-cp313-manylinux2014_s390x.manylinux_2_17_s390x.manylinux_2_28_s390x.whl", hash = "sha256:3bec022aec2c514d9cf199522a802bd007cd588ab17ab2525f20f9c34d067c18", size = 224282, upload-time = "2026-04-02T09:26:49.684Z" },
    { url = "https://files.pythonhosted.org/packages/fa/07/330e3a0dda4c404d6da83b327270906e9654a24f6c546dc886a0eb0ffb23/charset_normalizer-3.4.7-cp313-cp313-manylinux2014_x86_64.manylinux_2_17_x86_64.manylinux_2_28_x86_64.whl", hash = "sha256:e044c39e41b92c845bc815e5ae4230804e8e7bc29e399b0437d64222d92809dd", size = 215595, upload-time = "2026-04-02T09:26:50.915Z" },
    { url = "https://files.pythonhosted.org/packages/e3/7c/fc890655786e423f02556e0216d4b8c6bcb6bdfa890160dc66bf52dee468/charset_normalizer-3.4.7-cp313-cp313-manylinux_2_31_armv7l.whl", hash = "sha256:f495a1652cf3fbab2eb0639776dad966c2fb874d79d87ca07f9d5f059b8bd215", size = 201986, upload-time = "2026-04-02T09:26:52.197Z" },
    { url = "https://files.pythonhosted.org/packages/d8/97/bfb18b3db2aed3b90cf54dc292ad79fdd5ad65c4eae454099475cbeadd0d/charset_normalizer-3.4.7-cp313-cp313-manylinux_2_31_riscv64.manylinux_2_39_riscv64.whl", hash = "sha256:e712b419df8ba5e42b226c510472b37bd57b38e897d3eca5e8cfd410a29fa859", size = 211711, upload-time = "2026-04-02T09:26:53.49Z" },
    { url = "https://files.pythonhosted.org/packages/6f/a5/a581c13798546a7fd557c82614a5c65a13df2157e9ad6373166d2a3e645d/charset_normalizer-3.4.7-cp313-cp313-musllinux_1_2_aarch64.whl", hash = "sha256:7804338df6fcc08105c7745f1502ba68d900f45fd770d5bdd5288ddccb8a42d8", size = 210036, upload-time = "2026-04-02T09:26:54.975Z" },
    { url = "https://files.pythonhosted.org/packages/8c/bf/b3ab5bcb478e4193d517644b0fb2bf5497fbceeaa7a1bc0f4d5b50953861/charset_normalizer-3.4.7-cp313-cp313-musllinux_1_2_armv7l.whl", hash = "sha256:481551899c856c704d58119b5025793fa6730adda3571971af568f66d2424bb5", size = 202998, upload-time = "2026-04-02T09:26:56.303Z" },
    { url = "https://files.pythonhosted.org/packages/e7/4e/23efd79b65d314fa320ec6017b4b5834d5c12a58ba4610aa353af2e2f577/charset_normalizer-3.4.7-cp313-cp313-musllinux_1_2_ppc64le.whl", hash = "sha256:f59099f9b66f0d7145115e6f80dd8b1d847176df89b234a5a6b3f00437aa0832", size = 230056, upload-time = "2026-04-02T09:26:57.554Z" },
    { url = "https://files.pythonhosted.org/packages/b9/9f/1e1941bc3f0e01df116e68dc37a55c4d249df5e6fa77f008841aef68264f/charset_normalizer-3.4.7-cp313-cp313-musllinux_1_2_riscv64.whl", hash = "sha256:f59ad4c0e8f6bba240a9bb85504faa1ab438237199d4cce5f622761507b8f6a6", size = 211537, upload-time = "2026-04-02T09:26:58.843Z" },
    { url = "https://files.pythonhosted.org/packages/80/0f/088cbb3020d44428964a6c97fe1edfb1b9550396bf6d278330281e8b709c/charset_normalizer-3.4.7-cp313-cp313-musllinux_1_2_s390x.whl", hash = "sha256:3dedcc22d73ec993f42055eff4fcfed9318d1eeb9a6606c55892a26964964e48", size = 226176, upload-time = "2026-04-02T09:27:00.437Z" },
    { url = "https://files.pythonhosted.org/packages/6a/9f/130394f9bbe06f4f63e22641d32fc9b202b7e251c9aef4db044324dac493/charset_normalizer-3.4.7-cp313-cp313-musllinux_1_2_x86_64.whl", hash = "sha256:64f02c6841d7d83f832cd97ccf8eb8a906d06eb95d5276069175c696b024b60a", size = 217723, upload-time = "2026-04-02T09:27:02.021Z" },
    { url = "https://files.pythonhosted.org/packages/73/55/c469897448a06e49f8fa03f6caae97074fde823f432a98f979cc42b90e69/charset_normalizer-3.4.7-cp313-cp313-win32.whl", hash = "sha256:4042d5c8f957e15221d423ba781e85d553722fc4113f523f2feb7b188cc34c5e", size = 148085, upload-time = "2026-04-02T09:27:03.192Z" },
    { url = "https://files.pythonhosted.org/packages/5d/78/1b74c5bbb3f99b77a1715c91b3e0b5bdb6fe302d95ace4f5b1bec37b0167/charset_normalizer-3.4.7-cp313-cp313-win_amd64.whl", hash = "sha256:3946fa46a0cf3e4c8cb1cc52f56bb536310d34f25f01ca9b6c16afa767dab110", size = 158819, upload-time = "2026-04-02T09:27:04.454Z" },
    { url = "https://files.pythonhosted.org/packages/68/86/46bd42279d323deb8687c4a5a811fd548cb7d1de10cf6535d099877a9a9f/charset_normalizer-3.4.7-cp313-cp313-win_arm64.whl", hash = "sha256:80d04837f55fc81da168b98de4f4b797ef007fc8a79ab71c6ec9bc4dd662b15b", size = 147915, upload-time = "2026-04-02T09:27:05.971Z" },
    { url = "https://files.pythonhosted.org/packages/db/8f/61959034484a4a7c527811f4721e75d02d653a35afb0b6054474d8185d4c/charset_normalizer-3.4.7-py3-none-any.whl", hash = "sha256:3dce51d0f5e7951f8bb4900c257dad282f49190fdbebecd4ba99bcc41fef404d", size = 61958, upload-time = "2026-04-02T09:28:37.794Z" },
]

[[package]]
name = "cloudflare"
version = "5.2.0"
source = { registry = "https://pypi.org/simple" }
dependencies = [
    { name = "anyio" },
    { name = "distro" },
    { name = "httpx" },
    { name = "pydantic" },
    { name = "sniffio" },
    { name = "typing-extensions" },
]
sdist = { url = "https://files.pythonhosted.org/packages/43/41/1f4245b1e5f48abf9f50a38023309f9ac697b0b7757a5ab326f38a1d87b4/cloudflare-5.2.0.tar.gz", hash = "sha256:dcf5cb4b54f543b000a68095297bcc16a9c618b98c09747d7b78e59e3d865292", size = 2882432, upload-time = "2026-05-21T22:31:39.962Z" }
wheels = [
    { url = "https://files.pythonhosted.org/packages/8e/47/147354a1ae59a9d00e57f8349a406242765499f5bb2ac35d3cf583cda999/cloudflare-5.2.0-py3-none-any.whl", hash = "sha256:9268c67e76eef84734680d6c322d115ab6613ec9096f9b8d4389e858c4e12549", size = 6136517, upload-time = "2026-05-21T22:31:37.171Z" },
]

[[package]]
name = "configargparse"
version = "1.7.5"
source = { registry = "https://pypi.org/simple" }
sdist = { url = "https://files.pythonhosted.org/packages/3f/0b/30328302903c55218ffc5199646d0e9d28348ff26c02ba77b2ffc58d294a/configargparse-1.7.5.tar.gz", hash = "sha256:e3f9a7bb6be34d66b2e3c4a2f58e3045f8dfae47b0dc039f87bcfaa0f193fb0f", size = 53548, upload-time = "2026-03-11T02:19:38.144Z" }
wheels = [
    { url = "https://files.pythonhosted.org/packages/fe/19/3ba5e1b0bcc7b91aeab6c258afd70e4907d220fed3972febe38feb40db30/configargparse-1.7.5-py3-none-any.whl", hash = "sha256:1e63fdffedf94da9cd435fc13a1cd24777e76879dd2343912c1f871d4ac8c592", size = 27692, upload-time = "2026-03-11T02:19:36.442Z" },
]

[[package]]
name = "configobj"
version = "5.0.9"
source = { registry = "https://pypi.org/simple" }
sdist = { url = "https://files.pythonhosted.org/packages/f5/c4/c7f9e41bc2e5f8eeae4a08a01c91b2aea3dfab40a3e14b25e87e7db8d501/configobj-5.0.9.tar.gz", hash = "sha256:03c881bbf23aa07bccf1b837005975993c4ab4427ba57f959afdd9d1a2386848", size = 101518, upload-time = "2024-09-21T12:47:46.315Z" }
wheels = [
    { url = "https://files.pythonhosted.org/packages/a6/c4/0679472c60052c27efa612b4cd3ddd2a23e885dcdc73461781d2c802d39e/configobj-5.0.9-py2.py3-none-any.whl", hash = "sha256:1ba10c5b6ee16229c79a05047aeda2b55eb4e80d7c7d8ecf17ec1ca600c79882", size = 35615, upload-time = "2024-11-26T14:03:32.972Z" },
]

[[package]]
name = "cryptography"
version = "48.0.0"
source = { registry = "https://pypi.org/simple" }
dependencies = [
    { name = "cffi", marker = "platform_python_implementation != 'PyPy'" },
]
sdist = { url = "https://files.pythonhosted.org/packages/9f/a9/db8f313fdcd85d767d4973515e1db101f9c71f95fced83233de224673757/cryptography-48.0.0.tar.gz", hash = "sha256:5c3932f4436d1cccb036cb0eaef46e6e2db91035166f1ad6505c3c9d5a635920", size = 832984, upload-time = "2026-05-04T22:59:38.133Z" }
wheels = [
    { url = "https://files.pythonhosted.org/packages/df/3d/01f6dd9190170a5a241e0e98c2d04be3664a9e6f5b9b872cde63aff1c3dd/cryptography-48.0.0-cp311-abi3-macosx_10_9_universal2.whl", hash = "sha256:0c558d2cdffd8f4bbb30fc7134c74d2ca9a476f830bb053074498fbc86f41ed6", size = 8001587, upload-time = "2026-05-04T22:57:36.803Z" },
    { url = "https://files.pythonhosted.org/packages/b2/6e/e90527eef33f309beb811cf7c982c3aeffcce8e3edb178baa4ca3ae4a6fa/cryptography-48.0.0-cp311-abi3-manylinux2014_aarch64.manylinux_2_17_aarch64.whl", hash = "sha256:f5333311663ea94f75dd408665686aaf426563556bb5283554a3539177e03b8c", size = 4690433, upload-time = "2026-05-04T22:57:40.373Z" },
    { url = "https://files.pythonhosted.org/packages/90/04/673510ed51ddff56575f306cf1617d80411ee76831ccd3097599140efdfe/cryptography-48.0.0-cp311-abi3-manylinux2014_x86_64.manylinux_2_17_x86_64.whl", hash = "sha256:7995ef305d7165c3f11ae07f2517e5a4f1d5c18da1376a0a9ed496336b69e5f3", size = 4710620, upload-time = "2026-05-04T22:57:42.935Z" },
    { url = "https://files.pythonhosted.org/packages/14/d5/e9c4ef932c8d800490c34d8bd589d64a31d5890e27ec9e9ad532be893294/cryptography-48.0.0-cp311-abi3-manylinux_2_28_aarch64.whl", hash = "sha256:40ba1f85eaa6959837b1d51c9767e230e14612eea4ef110ee8854ada22da1bf5", size = 4696283, upload-time = "2026-05-04T22:57:45.294Z" },
    { url = "https://files.pythonhosted.org/packages/0c/29/174b9dfb60b12d59ecfc6cfa04bc88c21b42a54f01b8aae09bb6e51e4c7f/cryptography-48.0.0-cp311-abi3-manylinux_2_28_ppc64le.whl", hash = "sha256:369a6348999f94bbd53435c894377b20ab95f25a9065c283570e70150d8abc3c", size = 5296573, upload-time = "2026-05-04T22:57:47.933Z" },
    { url = "https://files.pythonhosted.org/packages/95/38/0d29a6fd7d0d1373f0c0c88a04ba20e359b257753ac497564cd660fc1d55/cryptography-48.0.0-cp311-abi3-manylinux_2_28_x86_64.whl", hash = "sha256:a0e692c683f4df67815a2d258b324e66f4738bd7a96a218c826dce4f4bd05d8f", size = 4743677, upload-time = "2026-05-04T22:57:50.067Z" },
    { url = "https://files.pythonhosted.org/packages/30/be/eef653013d5c63b6a490529e0316f9ac14a37602965d4903efed1399f32b/cryptography-48.0.0-cp311-abi3-manylinux_2_31_armv7l.whl", hash = "sha256:18349bbc56f4743c8b12dc32e2bccb2cf83ee8b69a3bba74ef8ae857e26b3d25", size = 4330808, upload-time = "2026-05-04T22:57:52.301Z" },
    { url = "https://files.pythonhosted.org/packages/84/9e/500463e87abb7a0a0f9f256ec21123ecde0a7b5541a15e840ea54551fd81/cryptography-48.0.0-cp311-abi3-manylinux_2_34_aarch64.whl", hash = "sha256:7e8eac43dfca5c4cccc6dad9a80504436fca53bb9bc3100a2386d730fbe6b602", size = 4695941, upload-time = "2026-05-04T22:57:54.603Z" },
    { url = "https://files.pythonhosted.org/packages/e3/dc/7303087450c2ec9e7fbb750e17c2abfbc658f23cbd0e54009509b7cc4091/cryptography-48.0.0-cp311-abi3-manylinux_2_34_ppc64le.whl", hash = "sha256:9ccdac7d40688ecb5a3b4a604b8a88c8002e3442d6c60aead1db2a89a041560c", size = 5252579, upload-time = "2026-05-04T22:57:57.207Z" },
    { url = "https://files.pythonhosted.org/packages/d0/c0/7101d3b7215edcdc90c45da544961fd8ed2d6448f77577460fa75a8443f7/cryptography-48.0.0-cp311-abi3-manylinux_2_34_x86_64.whl", hash = "sha256:bd72e68b06bb1e96913f97dd4901119bc17f39d4586a5adf2d3e47bc2b9d58b5", size = 4743326, upload-time = "2026-05-04T22:57:59.535Z" },
    { url = "https://files.pythonhosted.org/packages/ac/d8/5b833bad13016f562ab9d063d68199a4bd121d18458e439515601d3357ec/cryptography-48.0.0-cp311-abi3-musllinux_1_2_aarch64.whl", hash = "sha256:59baa2cb386c4f0b9905bd6eb4c2a79a69a128408fd31d32ca4d7102d4156321", size = 4826672, upload-time = "2026-05-04T22:58:01.996Z" },
    { url = "https://files.pythonhosted.org/packages/98/e1/7074eb8bf3c135558c73fc2bcf0f5633f912e6fb87e868a55c454080ef09/cryptography-48.0.0-cp311-abi3-musllinux_1_2_x86_64.whl", hash = "sha256:9249e3cd978541d665967ac2cb2787fd6a62bddf1e75b3e347a594d7dacf4f74", size = 4972574, upload-time = "2026-05-04T22:58:03.968Z" },
    { url = "https://files.pythonhosted.org/packages/04/70/e5a1b41d325f797f39427aa44ef8baf0be500065ab6d8e10369d850d4a4f/cryptography-48.0.0-cp311-abi3-win32.whl", hash = "sha256:9c459db21422be75e2809370b829a87eb37f74cd785fc4aa9ea1e5f43b47cda4", size = 3294868, upload-time = "2026-05-04T22:58:06.467Z" },
    { url = "https://files.pythonhosted.org/packages/f4/ac/8ac51b4a5fc5932eb7ee5c517ba7dc8cd834f0048962b6b352f00f41ebf9/cryptography-48.0.0-cp311-abi3-win_amd64.whl", hash = "sha256:5b012212e08b8dd5edc78ef54da83dd9892fd9105323b3993eff6bea65dc21d7", size = 3817107, upload-time = "2026-05-04T22:58:08.845Z" },
    { url = "https://files.pythonhosted.org/packages/f2/63/61d4a4e1c6b6bab6ce1e213cd36a24c415d90e76d78c5eb8577c5541d2e8/cryptography-48.0.0-cp39-abi3-macosx_10_9_universal2.whl", hash = "sha256:58d00498e8933e4a194f3076aee1b4a97dfec1a6da444535755822fe5d8b0b86", size = 7983482, upload-time = "2026-05-04T22:58:43.769Z" },
    { url = "https://files.pythonhosted.org/packages/d5/ac/f5b5995b87770c693e2596559ffafe195b4033a57f14a82268a2842953f3/cryptography-48.0.0-cp39-abi3-manylinux2014_aarch64.manylinux_2_17_aarch64.whl", hash = "sha256:614d0949f4790582d2cc25553abd09dd723025f0c0e7c67376a1d77196743d6e", size = 4683266, upload-time = "2026-05-04T22:58:46.064Z" },
    { url = "https://files.pythonhosted.org/packages/ec/c6/8b14f67e18338fbc4adb76f66c001f5c3610b3e2d1837f268f47a347dbbb/cryptography-48.0.0-cp39-abi3-manylinux2014_x86_64.manylinux_2_17_x86_64.whl", hash = "sha256:7ce4bfae76319a532a2dc68f82cc32f5676ee792a983187dac07183690e5c66f", size = 4696228, upload-time = "2026-05-04T22:58:48.22Z" },
    { url = "https://files.pythonhosted.org/packages/ea/73/f808fbae9514bd91b47875b003f13e284c8c6bdfd904b7944e803937eec1/cryptography-48.0.0-cp39-abi3-manylinux_2_28_aarch64.whl", hash = "sha256:2eb992bbd4661238c5a397594c83f5b4dc2bc5b848c365c8f991b6780efcc5c7", size = 4689097, upload-time = "2026-05-04T22:58:50.9Z" },
    { url = "https://files.pythonhosted.org/packages/93/01/d86632d7d28db8ae83221995752eeb6639ffb374c2d22955648cf8d52797/cryptography-48.0.0-cp39-abi3-manylinux_2_28_ppc64le.whl", hash = "sha256:22a5cb272895dce158b2cacdfdc3debd299019659f42947dbdac6f32d68fe832", size = 5283582, upload-time = "2026-05-04T22:58:53.017Z" },
    { url = "https://files.pythonhosted.org/packages/02/e1/50edc7a50334807cc4791fc4a0ce7468b4a1416d9138eab358bfc9a3d70b/cryptography-48.0.0-cp39-abi3-manylinux_2_28_x86_64.whl", hash = "sha256:2b4d59804e8408e2fea7d1fbaf218e5ec984325221db76e6a241a9abd6cdd95c", size = 4730479, upload-time = "2026-05-04T22:58:55.611Z" },
    { url = "https://files.pythonhosted.org/packages/6f/af/99a582b1b1641ff5911ac559beb45097cf79efd4ead4657f578ef1af2d47/cryptography-48.0.0-cp39-abi3-manylinux_2_31_armv7l.whl", hash = "sha256:984a20b0f62a26f48a3396c72e4bc34c66e356d356bf370053066b3b6d54634a", size = 4326481, upload-time = "2026-05-04T22:58:57.607Z" },
    { url = "https://files.pythonhosted.org/packages/90/ee/89aa26a06ef0a7d7611788ffd571a7c50e368cc6a4d5eef8b4884e866edb/cryptography-48.0.0-cp39-abi3-manylinux_2_34_aarch64.whl", hash = "sha256:5a5ed8fde7a1d09376ca0b40e68cd59c69fe23b1f9768bd5824f54681626032a", size = 4688713, upload-time = "2026-05-04T22:59:00.077Z" },
    { url = "https://files.pythonhosted.org/packages/70/ba/bcb1b0bb7a33d4c7c0c4d4c7874b4a62ae4f56113a5f4baefa362dfb1f0f/cryptography-48.0.0-cp39-abi3-manylinux_2_34_ppc64le.whl", hash = "sha256:8cd666227ef7af430aa5914a9910e0ddd703e75f039cef0825cd0da71b6b711a", size = 5238165, upload-time = "2026-05-04T22:59:02.317Z" },
    { url = "https://files.pythonhosted.org/packages/c9/70/ca4003b1ce5ca3dc3186ada51908c8a9b9ff7d5cab83cc0d43ee14ec144f/cryptography-48.0.0-cp39-abi3-manylinux_2_34_x86_64.whl", hash = "sha256:9071196d81abc88b3516ac8cdfad32e2b66dd4a5393a8e68a961e9161ddc6239", size = 4729947, upload-time = "2026-05-04T22:59:05.255Z" },
    { url = "https://files.pythonhosted.org/packages/44/a0/4ec7cf774207905aef1a8d11c3750d5a1db805eb380ee4e16df317870128/cryptography-48.0.0-cp39-abi3-musllinux_1_2_aarch64.whl", hash = "sha256:1e2d54c8be6152856a36f0882ab231e70f8ec7f14e93cf87db8a2ed056bf160c", size = 4822059, upload-time = "2026-05-04T22:59:07.802Z" },
    { url = "https://files.pythonhosted.org/packages/1e/75/a2e55f99c16fcac7b5d6c1eb19ad8e00799854d6be5ca845f9259eae1681/cryptography-48.0.0-cp39-abi3-musllinux_1_2_x86_64.whl", hash = "sha256:a5da777e32ffed6f85a7b2b3f7c5cbc88c146bfcd0a1d7baf5fcc6c52ee35dd4", size = 4960575, upload-time = "2026-05-04T22:59:09.851Z" },
    { url = "https://files.pythonhosted.org/packages/b8/23/6e6f32143ab5d8b36ca848a502c4bcd477ae75b9e1677e3530d669062578/cryptography-48.0.0-cp39-abi3-win32.whl", hash = "sha256:77a2ccbbe917f6710e05ba9adaa25fb5075620bf3ea6fb751997875aff4ae4bd", size = 3279117, upload-time = "2026-05-04T22:59:12.019Z" },
    { url = "https://files.pythonhosted.org/packages/9d/9a/0fea98a70cf1749d41d738836f6349d97945f7c89433a259a6c2642eefeb/cryptography-48.0.0-cp39-abi3-win_amd64.whl", hash = "sha256:16cd65b9330583e4619939b3a3843eec1e6e789744bb01e7c7e2e62e33c239c8", size = 3792100, upload-time = "2026-05-04T22:59:14.884Z" },
]

[[package]]
name = "cysystemd"
version = "2.0.5"
source = { registry = "https://pypi.org/simple" }
sdist = { url = "https://files.pythonhosted.org/packages/11/ca/2451ce4dd2e9d9d770630486bdae5dd161cf10576e0bf7443a8b33d42a2f/cysystemd-2.0.5.tar.gz", hash = "sha256:faac7506b6a709e96c0b0028bc5b3b62c3f5457b31e13e7d82b7a5f1c1889d96", size = 338663, upload-time = "2026-03-04T21:55:52.79Z" }
wheels = [
    { url = "https://files.pythonhosted.org/packages/19/98/51677d2b07e8fcec04288c0a2fd3e76d4676930a5751e1ed3927037300a4/cysystemd-2.0.5-cp313-cp313-manylinux_2_34_aarch64.whl", hash = "sha256:9ec006a3549f1eef13f34e87bf62eb744cd0d588171c936e90d93cf3e3ac4ec3", size = 2237884, upload-time = "2026-03-04T21:55:38.782Z" },
    { url = "https://files.pythonhosted.org/packages/99/70/91cadc7439b8ecc2c35287226ba434eb19d82f1984d437d176429629dd37/cysystemd-2.0.5-cp313-cp313-manylinux_2_34_x86_64.whl", hash = "sha256:a8c573e6ec970b3643dfae675a904ef81aa59d78e8e9ff331896c293a4057279", size = 2369743, upload-time = "2026-03-04T21:55:40.541Z" },
]

[[package]]
name = "distro"
version = "1.9.0"
source = { registry = "https://pypi.org/simple" }
sdist = { url = "https://files.pythonhosted.org/packages/fc/f8/98eea607f65de6527f8a2e8885fc8015d3e6f5775df186e443e0964a11c3/distro-1.9.0.tar.gz", hash = "sha256:2fa77c6fd8940f116ee1d6b94a2f90b13b5ea8d019b98bc8bafdcabcdd9bdbed", size = 60722, upload-time = "2023-12-24T09:54:32.31Z" }
wheels = [
    { url = "https://files.pythonhosted.org/packages/12/b3/231ffd4ab1fc9d679809f356cebee130ac7daa00d6d6f3206dd4fd137e9e/distro-1.9.0-py3-none-any.whl", hash = "sha256:7bffd925d65168f85027d8da9af6bddab658135b840670a223589bc0c8ef02b2", size = 20277, upload-time = "2023-12-24T09:54:30.421Z" },
]

[[package]]
name = "h11"
version = "0.16.0"
source = { registry = "https://pypi.org/simple" }
sdist = { url = "https://files.pythonhosted.org/packages/01/ee/02a2c011bdab74c6fb3c75474d40b3052059d95df7e73351460c8588d963/h11-0.16.0.tar.gz", hash = "sha256:4e35b956cf45792e4caa5885e69fba00bdbc6ffafbfa020300e549b208ee5ff1", size = 101250, upload-time = "2025-04-24T03:35:25.427Z" }
wheels = [
    { url = "https://files.pythonhosted.org/packages/04/4b/29cac41a4d98d144bf5f6d33995617b185d14b22401f75ca86f384e87ff1/h11-0.16.0-py3-none-any.whl", hash = "sha256:63cf8bbe7522de3bf65932fda1d9c2772064ffb3dae62d55932da54b31cb6c86", size = 37515, upload-time = "2025-04-24T03:35:24.344Z" },
]

[[package]]
name = "httpcore"
version = "1.0.9"
source = { registry = "https://pypi.org/simple" }
dependencies = [
    { name = "certifi" },
    { name = "h11" },
]
sdist = { url = "https://files.pythonhosted.org/packages/06/94/82699a10bca87a5556c9c59b5963f2d039dbd239f25bc2a63907a05a14cb/httpcore-1.0.9.tar.gz", hash = "sha256:6e34463af53fd2ab5d807f399a9b45ea31c3dfa2276f15a2c3f00afff6e176e8", size = 85484, upload-time = "2025-04-24T22:06:22.219Z" }
wheels = [
    { url = "https://files.pythonhosted.org/packages/7e/f5/f66802a942d491edb555dd61e3a9961140fd64c90bce1eafd741609d334d/httpcore-1.0.9-py3-none-any.whl", hash = "sha256:2d400746a40668fc9dec9810239072b40b4484b640a8c38fd654a024c7a1bf55", size = 78784, upload-time = "2025-04-24T22:06:20.566Z" },
]

[[package]]
name = "httpx"
version = "0.28.1"
source = { registry = "https://pypi.org/simple" }
dependencies = [
    { name = "anyio" },
    { name = "certifi" },
    { name = "httpcore" },
    { name = "idna" },
]
sdist = { url = "https://files.pythonhosted.org/packages/b1/df/48c586a5fe32a0f01324ee087459e112ebb7224f646c0b5023f5e79e9956/httpx-0.28.1.tar.gz", hash = "sha256:75e98c5f16b0f35b567856f597f06ff2270a374470a5c2392242528e3e3e42fc", size = 141406, upload-time = "2024-12-06T15:37:23.222Z" }
wheels = [
    { url = "https://files.pythonhosted.org/packages/2a/39/e50c7c3a983047577ee07d2a9e53faf5a69493943ec3f6a384bdc792deb2/httpx-0.28.1-py3-none-any.whl", hash = "sha256:d909fcccc110f8c7faf814ca82a9a4d816bc5a6dbfea25d6591d6985b8ba59ad", size = 73517, upload-time = "2024-12-06T15:37:21.509Z" },
]

[[package]]
name = "idna"
version = "3.17"
source = { registry = "https://pypi.org/simple" }
sdist = { url = "https://files.pythonhosted.org/packages/b9/28/99c51f664567218d824af024c0251650fb27e4ca066df188dab0769c5b91/idna-3.17.tar.gz", hash = "sha256:5eb0cb53bc467c12eadcf6de83163ad8527cec9416f44b9b61b19caedad2b87f", size = 196048, upload-time = "2026-05-28T14:32:38.55Z" }
wheels = [
    { url = "https://files.pythonhosted.org/packages/de/a7/f76514cc40ad6234098ecdebda08732d75964776c51a42845b7da10649e2/idna-3.17-py3-none-any.whl", hash = "sha256:466e48829084efe2548012b855df21540b96f2e20e51bd124c851536556a592c", size = 65316, upload-time = "2026-05-28T14:32:37.035Z" },
]

[[package]]
name = "josepy"
version = "2.2.0"
source = { registry = "https://pypi.org/simple" }
dependencies = [
    { name = "cryptography" },
]
sdist = { url = "https://files.pythonhosted.org/packages/7f/ad/6f520aee9cc9618d33430380741e9ef859b2c560b1e7915e755c084f6bc0/josepy-2.2.0.tar.gz", hash = "sha256:74c033151337c854f83efe5305a291686cef723b4b970c43cfe7270cf4a677a9", size = 56500, upload-time = "2025-10-14T14:54:42.108Z" }
wheels = [
    { url = "https://files.pythonhosted.org/packages/f8/b2/b5caed897fbb1cc286c62c01feca977e08d99a17230ff3055b9a98eccf1d/josepy-2.2.0-py3-none-any.whl", hash = "sha256:63e9dd116d4078778c25ca88f880cc5d95f1cab0099bebe3a34c2e299f65d10b", size = 29211, upload-time = "2025-10-14T14:54:41.144Z" },
]

[[package]]
name = "mwparserfromhell"
version = "0.7.2"
source = { registry = "https://pypi.org/simple" }
sdist = { url = "https://files.pythonhosted.org/packages/eb/e1/4e4b53fd838b82061243222d6123ddaf6176278b1ad7058382a1312cb7ae/mwparserfromhell-0.7.2.tar.gz", hash = "sha256:f4193072e9ea93b9e88f772f60a02125c0602d32890d0bbdcb275ed58c8b3763", size = 196317, upload-time = "2025-07-01T05:27:09.697Z" }
wheels = [
    { url = "https://files.pythonhosted.org/packages/4a/8e/cdbeaee3cdfa3531fb70380aed9ce9619c42b52735496cc1cd5a026986c3/mwparserfromhell-0.7.2-cp313-cp313-macosx_10_13_x86_64.whl", hash = "sha256:6032df04279c38b9eaaa332a608dd8241aa31f6f034d6ecdba1b4582fbb548b9", size = 154511, upload-time = "2025-07-01T05:26:48.633Z" },
    { url = "https://files.pythonhosted.org/packages/29/d0/2d639f526b1a7e1b0f9cba9957bb32cfac0629fb9069488cb0ae485627e8/mwparserfromhell-0.7.2-cp313-cp313-macosx_11_0_arm64.whl", hash = "sha256:6316f6bd1ca8451b312399b44b0b75096981f0fe92fbea108bade29af66bea9b", size = 154618, upload-time = "2025-07-01T05:26:50.122Z" },
    { url = "https://files.pythonhosted.org/packages/fa/cb/a4f485681f2b981dd17aafa90ba98635e2ba18a17805af464669100a568a/mwparserfromhell-0.7.2-cp313-cp313-manylinux2014_aarch64.manylinux_2_17_aarch64.manylinux_2_28_aarch64.whl", hash = "sha256:535c2e8b9aedf3b00fbbb9942df4a659bc66dfb8feb6fca114e97cef48d64680", size = 262181, upload-time = "2025-07-01T05:26:51.596Z" },
    { url = "https://files.pythonhosted.org/packages/34/ec/eba98e51b1b9a0a50de5459462ee62843c03a9538ae01602dd2a98207d67/mwparserfromhell-0.7.2-cp313-cp313-manylinux2014_x86_64.manylinux_2_17_x86_64.manylinux_2_28_x86_64.whl", hash = "sha256:b5345e6b42db45d48162c7bad9b2ce71b6a5ba2e2dea3987eb82b991e5cb9918", size = 256919, upload-time = "2025-07-01T05:26:52.809Z" },
    { url = "https://files.pythonhosted.org/packages/94/85/303293cb0aff73a178584be9c7a6a8022bc93922117df8fc814264e9d319/mwparserfromhell-0.7.2-cp313-cp313-musllinux_1_2_aarch64.whl", hash = "sha256:fef24a97b0b08f02646be2e018284884f8e6cb9740eea60a10404b5369c04ef6", size = 257835, upload-time = "2025-07-01T05:26:54.198Z" },
    { url = "https://files.pythonhosted.org/packages/c1/06/b1cdc1844505fc1894ef1f94674193b9bbf7418b173586800eda8686442d/mwparserfromhell-0.7.2-cp313-cp313-musllinux_1_2_x86_64.whl", hash = "sha256:4ed1d61927d0ad618352732dc2a2218f3b14e19a6ee6e490b42a6ed535acc301", size = 254083, upload-time = "2025-07-01T05:26:55.829Z" },
    { url = "https://files.pythonhosted.org/packages/b2/b2/12810d49d24ea35e38ff008c539de49295137e98384433f6ee43502af94e/mwparserfromhell-0.7.2-cp313-cp313-win32.whl", hash = "sha256:0661642c78f8d13369d09401a5c4240f4c91b5af1317e66d7f6270b8b0aecd85", size = 153746, upload-time = "2025-07-01T05:26:57.002Z" },
    { url = "https://files.pythonhosted.org/packages/e2/eb/09a2201943390f2491df5a2fc1fe9abc06b0115116bef799e11725c65ced/mwparserfromhell-0.7.2-cp313-cp313-win_amd64.whl", hash = "sha256:52f193b59c1b6109b210ad85536ce3c569861c3bb9da7b1875618d8ba54c396f", size = 156401, upload-time = "2025-07-01T05:26:58.085Z" },
]

[[package]]
name = "parsedatetime"
version = "2.6"
source = { registry = "https://pypi.org/simple" }
sdist = { url = "https://files.pythonhosted.org/packages/a8/20/cb587f6672dbe585d101f590c3871d16e7aec5a576a1694997a3777312ac/parsedatetime-2.6.tar.gz", hash = "sha256:4cb368fbb18a0b7231f4d76119165451c8d2e35951455dfee97c62a87b04d455", size = 60114, upload-time = "2020-05-31T23:50:57.443Z" }
wheels = [
    { url = "https://files.pythonhosted.org/packages/9d/a4/3dd804926a42537bf69fb3ebb9fd72a50ba84f807d95df5ae016606c976c/parsedatetime-2.6-py3-none-any.whl", hash = "sha256:cb96edd7016872f58479e35879294258c71437195760746faffedb692aef000b", size = 42548, upload-time = "2020-05-31T23:50:56.315Z" },
]

[[package]]
name = "pycparser"
version = "3.0"
source = { registry = "https://pypi.org/simple" }
sdist = { url = "https://files.pythonhosted.org/packages/1b/7d/92392ff7815c21062bea51aa7b87d45576f649f16458d78b7cf94b9ab2e6/pycparser-3.0.tar.gz", hash = "sha256:600f49d217304a5902ac3c37e1281c9fe94e4d0489de643a9504c5cdfdfc6b29", size = 103492, upload-time = "2026-01-21T14:26:51.89Z" }
wheels = [
    { url = "https://files.pythonhosted.org/packages/0c/c3/44f3fbbfa403ea2a7c779186dc20772604442dde72947e7d01069cbe98e3/pycparser-3.0-py3-none-any.whl", hash = "sha256:b727414169a36b7d524c1c3e31839a521725078d7b2ff038656844266160a992", size = 48172, upload-time = "2026-01-21T14:26:50.693Z" },
]

[[package]]
name = "pydantic"
version = "2.13.4"
source = { registry = "https://pypi.org/simple" }
dependencies = [
    { name = "annotated-types" },
    { name = "pydantic-core" },
    { name = "typing-extensions" },
    { name = "typing-inspection" },
]
sdist = { url = "https://files.pythonhosted.org/packages/18/a5/b60d21ac674192f8ab0ba4e9fd860690f9b4a6e51ca5df118733b487d8d6/pydantic-2.13.4.tar.gz", hash = "sha256:c40756b57adaa8b1efeeced5c196f3f3b7c435f90e84ea7f443901bec8099ef6", size = 844775, upload-time = "2026-05-06T13:43:05.343Z" }
wheels = [
    { url = "https://files.pythonhosted.org/packages/fd/7b/122376b1fd3c62c1ed9dc80c931ace4844b3c55407b6fb2d199377c9736f/pydantic-2.13.4-py3-none-any.whl", hash = "sha256:45a282cde31d808236fd7ea9d919b128653c8b38b393d1c4ab335c62924d9aba", size = 472262, upload-time = "2026-05-06T13:43:02.641Z" },
]

[[package]]
name = "pydantic-core"
version = "2.46.4"
source = { registry = "https://pypi.org/simple" }
dependencies = [
    { name = "typing-extensions" },
]
sdist = { url = "https://files.pythonhosted.org/packages/9d/56/921726b776ace8d8f5db44c4ef961006580d91dc52b803c489fafd1aa249/pydantic_core-2.46.4.tar.gz", hash = "sha256:62f875393d7f270851f20523dd2e29f082bcc82292d66db2b64ea71f64b6e1c1", size = 471464, upload-time = "2026-05-06T13:37:06.98Z" }
wheels = [
    { url = "https://files.pythonhosted.org/packages/51/a2/5d30b469c5267a17b39dec53208222f76a8d351dfac4af661888c5aee77d/pydantic_core-2.46.4-cp313-cp313-macosx_10_12_x86_64.whl", hash = "sha256:5d5902252db0d3cedf8d4a1bc68f70eeb430f7e4c7104c8c476753519b423008", size = 2106306, upload-time = "2026-05-06T13:37:48.029Z" },
    { url = "https://files.pythonhosted.org/packages/c1/81/4fa520eaffa8bd7d1525e644cd6d39e7d60b1592bc5b516693c7340b50f1/pydantic_core-2.46.4-cp313-cp313-macosx_11_0_arm64.whl", hash = "sha256:c94f0688e7b8d0a67abf40e57a7eaaecd17cc9586706a31b76c031f63df052b4", size = 1951906, upload-time = "2026-05-06T13:37:17.012Z" },
    { url = "https://files.pythonhosted.org/packages/03/d5/fd02da45b659668b05923b17ba3a0100a0a3d5541e3bd8fcc4ecb711309e/pydantic_core-2.46.4-cp313-cp313-manylinux_2_17_aarch64.manylinux2014_aarch64.whl", hash = "sha256:f027324c56cd5406ca49c124b0db10e56c69064fec039acc571c29020cc87c76", size = 1976802, upload-time = "2026-05-06T13:37:35.113Z" },
    { url = "https://files.pythonhosted.org/packages/21/f2/95727e1368be3d3ed485eaab7adbd7dda408f33f7a36e8b48e0144002b91/pydantic_core-2.46.4-cp313-cp313-manylinux_2_17_armv7l.manylinux2014_armv7l.whl", hash = "sha256:e739fee756ba1010f8bcccb534252e85a35fe45ae92c295a06059ce58b74ccd3", size = 2052446, upload-time = "2026-05-06T13:37:12.313Z" },
    { url = "https://files.pythonhosted.org/packages/9c/86/5d99feea3f77c7234b8718075b23db11532773c1a0dbd9b9490215dc2eeb/pydantic_core-2.46.4-cp313-cp313-manylinux_2_17_ppc64le.manylinux2014_ppc64le.whl", hash = "sha256:9d56801be94b86a9da183e5f3766e6310752b99ff647e38b09a9500d88e46e76", size = 2232757, upload-time = "2026-05-06T13:39:01.149Z" },
    { url = "https://files.pythonhosted.org/packages/d2/3a/508ac615935ef7588cf6d9e9b91309fdc2da751af865e02a9098de88258c/pydantic_core-2.46.4-cp313-cp313-manylinux_2_17_s390x.manylinux2014_s390x.whl", hash = "sha256:2412e734dcb48da14d4e4006b82b46b74f2518b8a26ee7e58c6844a6cd6d03c4", size = 2309275, upload-time = "2026-05-06T13:37:41.406Z" },
    { url = "https://files.pythonhosted.org/packages/07/f8/41db9de19d7987d6b04715a02b3b40aea467000275d9d758ffaa31af7d50/pydantic_core-2.46.4-cp313-cp313-manylinux_2_17_x86_64.manylinux2014_x86_64.whl", hash = "sha256:9551187363ffc0de2a00b2e47c25aeaeb1020b69b668762966df15fc5659dd5a", size = 2094467, upload-time = "2026-05-06T13:39:18.847Z" },
    { url = "https://files.pythonhosted.org/packages/2c/e2/f35033184cb11d0052daf4416e8e10a502ea2ac006fc4f459aee872727d1/pydantic_core-2.46.4-cp313-cp313-manylinux_2_31_riscv64.whl", hash = "sha256:0186750b482eefa11d7f435892b09c5c606193ef3375bcf94aa00ae6bfb66262", size = 2134417, upload-time = "2026-05-06T13:40:17.944Z" },
    { url = "https://files.pythonhosted.org/packages/7e/7b/6ceeb1cc90e193862f444ebe373d8fdf613f0a82572dde03fb10734c6c71/pydantic_core-2.46.4-cp313-cp313-manylinux_2_5_i686.manylinux1_i686.whl", hash = "sha256:5855698a4856556d86e8e6cd8434bc3ac0314ee8e12089ae0e143f64c6256e4e", size = 2179782, upload-time = "2026-05-06T13:40:32.618Z" },
    { url = "https://files.pythonhosted.org/packages/5a/f2/c8d7773ede6af08036423a00ae0ceffce266c3c52a096c435d68c896083f/pydantic_core-2.46.4-cp313-cp313-musllinux_1_1_aarch64.whl", hash = "sha256:cbaf13819775b7f769bf4a1f066cb6df7a28d4480081a589828ef190226881cd", size = 2188782, upload-time = "2026-05-06T13:36:51.018Z" },
    { url = "https://files.pythonhosted.org/packages/59/31/0c864784e31f09f05cdd87606f08923b9c9e7f6e51dd27f20f62f975ce9f/pydantic_core-2.46.4-cp313-cp313-musllinux_1_1_armv7l.whl", hash = "sha256:633147d34cf4550417f12e2b1a0383973bdf5cdfde212cb09e9a581cf10820be", size = 2328334, upload-time = "2026-05-06T13:40:37.764Z" },
    { url = "https://files.pythonhosted.org/packages/c2/eb/4f6c8a41efa30baa755590f4141abf3a8c370fab610915733e74134a7270/pydantic_core-2.46.4-cp313-cp313-musllinux_1_1_x86_64.whl", hash = "sha256:82cf5301172168103724d49a1444d3378cb20cdee30b116a1bd6031236298a5d", size = 2372986, upload-time = "2026-05-06T13:39:34.152Z" },
    { url = "https://files.pythonhosted.org/packages/5b/24/b375a480d53113860c299764bfe9f349a3dc9108b3adc0d7f0d786492ebf/pydantic_core-2.46.4-cp313-cp313-win32.whl", hash = "sha256:9fa8ae11da9e2b3126c6426f147e0fba88d96d65921799bb30c6abd1cb2c97fb", size = 1973693, upload-time = "2026-05-06T13:37:55.072Z" },
    { url = "https://files.pythonhosted.org/packages/7e/e8/cff247591966f2d22ec8c003cd7587e27b7ba7b81ab2fb888e3ab75dc285/pydantic_core-2.46.4-cp313-cp313-win_amd64.whl", hash = "sha256:6b3ace8194b0e5204818c92802dcdca7fc6d88aabbb799d7c795540d9cd6d292", size = 2071819, upload-time = "2026-05-06T13:38:49.139Z" },
    { url = "https://files.pythonhosted.org/packages/c6/1a/f4aee670d5670e9e148e0c82c7db98d780be566c6e6a97ee8035528ca0b3/pydantic_core-2.46.4-cp313-cp313-win_arm64.whl", hash = "sha256:184c081504d17f1c1066e430e117142b2c77d9448a97f7b65c6ac9fd9aee238d", size = 2027411, upload-time = "2026-05-06T13:40:45.796Z" },
]

[[package]]
name = "pyopenssl"
version = "26.2.0"
source = { registry = "https://pypi.org/simple" }
dependencies = [
    { name = "cryptography" },
]
sdist = { url = "https://files.pythonhosted.org/packages/1a/51/27a5ad5f939d08f690a326ef9582cda7140555180db71695f6fb747d6a36/pyopenssl-26.2.0.tar.gz", hash = "sha256:8c6fcecd1183a7fc897548dfe388b0cdb7f37e018200d8409cf33959dbe35387", size = 182195, upload-time = "2026-05-04T23:06:09.72Z" }
wheels = [
    { url = "https://files.pythonhosted.org/packages/73/b8/a0e2790ae249d6f38c9f66de7a211621a7ab2650217bcd04e1262f578a56/pyopenssl-26.2.0-py3-none-any.whl", hash = "sha256:4f9d971bc5298b8bc1fab282803da04bf000c755d4ad9d99b52de2569ca19a70", size = 55823, upload-time = "2026-05-04T23:06:08.395Z" },
]

[[package]]
name = "pyrfc3339"
version = "2.1.0"
source = { registry = "https://pypi.org/simple" }
sdist = { url = "https://files.pythonhosted.org/packages/b4/7f/3c194647ecb80ada6937c38a162ab3edba85a8b6a58fa2919405f4de2509/pyrfc3339-2.1.0.tar.gz", hash = "sha256:c569a9714faf115cdb20b51e830e798c1f4de8dabb07f6ff25d221b5d09d8d7f", size = 12589, upload-time = "2025-08-23T16:40:31.889Z" }
wheels = [
    { url = "https://files.pythonhosted.org/packages/34/90/0200184d2124484f918054751ef997ed6409cb05b7e8dcbf5a22da4c4748/pyrfc3339-2.1.0-py3-none-any.whl", hash = "sha256:560f3f972e339f579513fe1396974352fd575ef27caff160a38b312252fcddf3", size = 6758, upload-time = "2025-08-23T16:40:30.49Z" },
]

[[package]]
name = "pywin32"
version = "311"
source = { registry = "https://pypi.org/simple" }
wheels = [
    { url = "https://files.pythonhosted.org/packages/a5/be/3fd5de0979fcb3994bfee0d65ed8ca9506a8a1260651b86174f6a86f52b3/pywin32-311-cp313-cp313-win32.whl", hash = "sha256:f95ba5a847cba10dd8c4d8fefa9f2a6cf283b8b88ed6178fa8a6c1ab16054d0d", size = 8705700, upload-time = "2025-07-14T20:13:26.471Z" },
    { url = "https://files.pythonhosted.org/packages/e3/28/e0a1909523c6890208295a29e05c2adb2126364e289826c0a8bc7297bd5c/pywin32-311-cp313-cp313-win_amd64.whl", hash = "sha256:718a38f7e5b058e76aee1c56ddd06908116d35147e133427e59a3983f703a20d", size = 9494700, upload-time = "2025-07-14T20:13:28.243Z" },
    { url = "https://files.pythonhosted.org/packages/04/bf/90339ac0f55726dce7d794e6d79a18a91265bdf3aa70b6b9ca52f35e022a/pywin32-311-cp313-cp313-win_arm64.whl", hash = "sha256:7b4075d959648406202d92a2310cb990fea19b535c7f4a78d3f5e10b926eeb8a", size = 8709318, upload-time = "2025-07-14T20:13:30.348Z" },
]

[[package]]
name = "requests"
version = "2.34.2"
source = { registry = "https://pypi.org/simple" }
dependencies = [
    { name = "certifi" },
    { name = "charset-normalizer" },
    { name = "idna" },
    { name = "urllib3" },
]
sdist = { url = "https://files.pythonhosted.org/packages/ac/c3/e2a2b89f2d3e2179abd6d00ebd70bff6273f37fb3e0cc209f48b39d00cbf/requests-2.34.2.tar.gz", hash = "sha256:f288924cae4e29463698d6d60bc6a4da69c89185ad1e0bcc4104f584e960b9ed", size = 142856, upload-time = "2026-05-14T19:25:27.735Z" }
wheels = [
    { url = "https://files.pythonhosted.org/packages/a0/f4/c67b0b3f1b9245e8d266f0f112c500d50e5b4e83cb6f3b71b6528104182a/requests-2.34.2-py3-none-any.whl", hash = "sha256:2a0d60c172f83ac6ab31e4554906c0f3b3588d37b5cb939b1c061f4907e278e0", size = 73075, upload-time = "2026-05-14T19:25:26.443Z" },
]

[[package]]
name = "sniffio"
version = "1.3.1"
source = { registry = "https://pypi.org/simple" }
sdist = { url = "https://files.pythonhosted.org/packages/a2/87/a6771e1546d97e7e041b6ae58d80074f81b7d5121207425c964ddf5cfdbd/sniffio-1.3.1.tar.gz", hash = "sha256:f4324edc670a0f49750a81b895f35c3adb843cca46f0530f79fc1babb23789dc", size = 20372, upload-time = "2024-02-25T23:20:04.057Z" }
wheels = [
    { url = "https://files.pythonhosted.org/packages/e9/44/75a9c9421471a6c4805dbf2356f7c181a29c1879239abab1ea2cc8f38b40/sniffio-1.3.1-py3-none-any.whl", hash = "sha256:2f6da418d1f1e0fddd844478f41680e794e6051915791a034ff65e5f100525a2", size = 10235, upload-time = "2024-02-25T23:20:01.196Z" },
]

[[package]]
name = "typing-extensions"
version = "4.15.0"
source = { registry = "https://pypi.org/simple" }
sdist = { url = "https://files.pythonhosted.org/packages/72/94/1a15dd82efb362ac84269196e94cf00f187f7ed21c242792a923cdb1c61f/typing_extensions-4.15.0.tar.gz", hash = "sha256:0cea48d173cc12fa28ecabc3b837ea3cf6f38c6d1136f85cbaaf598984861466", size = 109391, upload-time = "2025-08-25T13:49:26.313Z" }
wheels = [
    { url = "https://files.pythonhosted.org/packages/18/67/36e9267722cc04a6b9f15c7f3441c2363321a3ea07da7ae0c0707beb2a9c/typing_extensions-4.15.0-py3-none-any.whl", hash = "sha256:f0fa19c6845758ab08074a0cfa8b7aecb71c999ca73d62883bc25cc018c4e548", size = 44614, upload-time = "2025-08-25T13:49:24.86Z" },
]

[[package]]
name = "typing-inspection"
version = "0.4.2"
source = { registry = "https://pypi.org/simple" }
dependencies = [
    { name = "typing-extensions" },
]
sdist = { url = "https://files.pythonhosted.org/packages/55/e3/70399cb7dd41c10ac53367ae42139cf4b1ca5f36bb3dc6c9d33acdb43655/typing_inspection-0.4.2.tar.gz", hash = "sha256:ba561c48a67c5958007083d386c3295464928b01faa735ab8547c5692e87f464", size = 75949, upload-time = "2025-10-01T02:14:41.687Z" }
wheels = [
    { url = "https://files.pythonhosted.org/packages/dc/9b/47798a6c91d8bdb567fe2698fe81e0c6b7cb7ef4d13da4114b41d239f65d/typing_inspection-0.4.2-py3-none-any.whl", hash = "sha256:4ed1cacbdc298c220f1bd249ed5287caa16f34d44ef4e9c3d0cbad5b521545e7", size = 14611, upload-time = "2025-10-01T02:14:40.154Z" },
]

[[package]]
name = "urllib3"
version = "2.7.0"
source = { registry = "https://pypi.org/simple" }
sdist = { url = "https://files.pythonhosted.org/packages/53/0c/06f8b233b8fd13b9e5ee11424ef85419ba0d8ba0b3138bf360be2ff56953/urllib3-2.7.0.tar.gz", hash = "sha256:231e0ec3b63ceb14667c67be60f2f2c40a518cb38b03af60abc813da26505f4c", size = 433602, upload-time = "2026-05-07T16:13:18.596Z" }
wheels = [
    { url = "https://files.pythonhosted.org/packages/7f/3e/5db95bcf282c52709639744ca2a8b149baccf648e39c8cc87553df9eae0c/urllib3-2.7.0-py3-none-any.whl", hash = "sha256:9fb4c81ebbb1ce9531cce37674bbc6f1360472bc18ca9a553ede278ef7276897", size = 131087, upload-time = "2026-05-07T16:13:17.151Z" },
]
